
Microsoft Visual Studio Solution File, Format Version 12.00
# Visual Studio Version 16
VisualStudioVersion = 16.0.31829.152
MinimumVisualStudioVersion = 10.0.40219.1
Project("{8BC9CEB8-8B4A-11D0-8D11-00A0C91BC942}") = "LargeNumber", "LargeNumber\LargeNumber.vcxproj", "{E2B93502-9285-4D1C-B243-0842778F253A}"
EndProject
Global
	GlobalSection(SolutionConfigurationPlatforms) = preSolution
		Debug|x64 = Debug|x64
		Debug|x86 = Debug|x86
		Release|x64 = Release|x64
		Release|x86 = Release|x86
	EndGlobalSection
	GlobalSection(ProjectConfigurationPlatforms) = postSolution
		{E2B93502-9285-4D1C-B243-0842778F253A}.Debug|x64.ActiveCfg = Debug|x64
		{E2B93502-9285-4D1C-B243-0842778F253A}.Debug|x64.Build.0 = Debug|x64
		{E2B93502-9285-4D1C-B243-0842778F253A}.Debug|x86.ActiveCfg = Debug|Win32
		{E2B93502-9285-4D1C-B243-0842778F253A}.Debug|x86.Build.0 = Debug|Win32
		{E2B93502-9285-4D1C-B243-0842778F253A}.Release|x64.ActiveCfg = Release|x64
		{E2B93502-9285-4D1C-B243-0842778F253A}.Release|x64.Build.0 = Release|x64
		{E2B93502-9285-4D1C-B243-0842778F253A}.Release|x86.ActiveCfg = Release|Win32
		{E2B93502-9285-4D1C-B243-0842778F253A}.Release|x86.Build.0 = Release|Win32
	EndGlobalSection
	GlobalSection(SolutionProperties) = preSolution
		HideSolutionNode = FALSE
	EndGlobalSection
	GlobalSection(ExtensibilityGlobals) = postSolution
		SolutionGuid = {B7D2D770-EBB2-490E-887B-783F66DF44E0}
	EndGlobalSection
EndGlobal
