
Microsoft Visual Studio Solution File, Format Version 12.00
# Visual Studio Version 17
VisualStudioVersion = 17.1.32414.318
MinimumVisualStudioVersion = 10.0.40219.1
Project("{8BC9CEB8-8B4A-11D0-8D11-00A0C91BC942}") = "Server", "Server\Server.vcxproj", "{AD1DE25F-3F68-4F6C-AD70-E8DA7B569A81}"
EndProject
Project("{8BC9CEB8-8B4A-11D0-8D11-00A0C91BC942}") = "Client", "Client\Client.vcxproj", "{78B5A5F5-3FE3-4E5D-B2BB-857AE8FFC382}"
EndProject
Global
	GlobalSection(SolutionConfigurationPlatforms) = preSolution
		Debug|x64 = Debug|x64
		Debug|x86 = Debug|x86
		Release|x64 = Release|x64
		Release|x86 = Release|x86
	EndGlobalSection
	GlobalSection(ProjectConfigurationPlatforms) = postSolution
		{AD1DE25F-3F68-4F6C-AD70-E8DA7B569A81}.Debug|x64.ActiveCfg = Debug|x64
		{AD1DE25F-3F68-4F6C-AD70-E8DA7B569A81}.Debug|x64.Build.0 = Debug|x64
		{AD1DE25F-3F68-4F6C-AD70-E8DA7B569A81}.Debug|x86.ActiveCfg = Debug|Win32
		{AD1DE25F-3F68-4F6C-AD70-E8DA7B569A81}.Debug|x86.Build.0 = Debug|Win32
		{AD1DE25F-3F68-4F6C-AD70-E8DA7B569A81}.Release|x64.ActiveCfg = Release|x64
		{AD1DE25F-3F68-4F6C-AD70-E8DA7B569A81}.Release|x64.Build.0 = Release|x64
		{AD1DE25F-3F68-4F6C-AD70-E8DA7B569A81}.Release|x86.ActiveCfg = Release|Win32
		{AD1DE25F-3F68-4F6C-AD70-E8DA7B569A81}.Release|x86.Build.0 = Release|Win32
		{78B5A5F5-3FE3-4E5D-B2BB-857AE8FFC382}.Debug|x64.ActiveCfg = Debug|x64
		{78B5A5F5-3FE3-4E5D-B2BB-857AE8FFC382}.Debug|x64.Build.0 = Debug|x64
		{78B5A5F5-3FE3-4E5D-B2BB-857AE8FFC382}.Debug|x86.ActiveCfg = Debug|Win32
		{78B5A5F5-3FE3-4E5D-B2BB-857AE8FFC382}.Debug|x86.Build.0 = Debug|Win32
		{78B5A5F5-3FE3-4E5D-B2BB-857AE8FFC382}.Release|x64.ActiveCfg = Release|x64
		{78B5A5F5-3FE3-4E5D-B2BB-857AE8FFC382}.Release|x64.Build.0 = Release|x64
		{78B5A5F5-3FE3-4E5D-B2BB-857AE8FFC382}.Release|x86.ActiveCfg = Release|Win32
		{78B5A5F5-3FE3-4E5D-B2BB-857AE8FFC382}.Release|x86.Build.0 = Release|Win32
	EndGlobalSection
	GlobalSection(SolutionProperties) = preSolution
		HideSolutionNode = FALSE
	EndGlobalSection
	GlobalSection(ExtensibilityGlobals) = postSolution
		SolutionGuid = {1DD4880C-AE2D-40D5-9781-8C0821F04EFE}
	EndGlobalSection
EndGlobal
