
Microsoft Visual Studio Solution File, Format Version 12.00
# Visual Studio Version 17
VisualStudioVersion = 17.1.32414.318
MinimumVisualStudioVersion = 10.0.40219.1
Project("{8BC9CEB8-8B4A-11D0-8D11-00A0C91BC942}") = "ASM", "ASM\ASM.vcxproj", "{99CA619E-F2C7-4DEC-804A-365E1A0364C6}"
EndProject
Global
	GlobalSection(SolutionConfigurationPlatforms) = preSolution
		Debug|x64 = Debug|x64
		Debug|x86 = Debug|x86
		Release|x64 = Release|x64
		Release|x86 = Release|x86
	EndGlobalSection
	GlobalSection(ProjectConfigurationPlatforms) = postSolution
		{99CA619E-F2C7-4DEC-804A-365E1A0364C6}.Debug|x64.ActiveCfg = Debug|x64
		{99CA619E-F2C7-4DEC-804A-365E1A0364C6}.Debug|x64.Build.0 = Debug|x64
		{99CA619E-F2C7-4DEC-804A-365E1A0364C6}.Debug|x86.ActiveCfg = Debug|Win32
		{99CA619E-F2C7-4DEC-804A-365E1A0364C6}.Debug|x86.Build.0 = Debug|Win32
		{99CA619E-F2C7-4DEC-804A-365E1A0364C6}.Release|x64.ActiveCfg = Release|x64
		{99CA619E-F2C7-4DEC-804A-365E1A0364C6}.Release|x64.Build.0 = Release|x64
		{99CA619E-F2C7-4DEC-804A-365E1A0364C6}.Release|x86.ActiveCfg = Release|Win32
		{99CA619E-F2C7-4DEC-804A-365E1A0364C6}.Release|x86.Build.0 = Release|Win32
	EndGlobalSection
	GlobalSection(SolutionProperties) = preSolution
		HideSolutionNode = FALSE
	EndGlobalSection
	GlobalSection(ExtensibilityGlobals) = postSolution
		SolutionGuid = {090DA4C7-1CC3-4766-9A81-5C621E59F0BB}
	EndGlobalSection
EndGlobal
